
Microsoft Visual Studio Solution File, Format Version 12.00
# Visual Studio Version 17
VisualStudioVersion = 17.9.34607.119
MinimumVisualStudioVersion = 10.0.40219.1
Project("{FAE04EC0-301F-11D3-BF4B-00C04F79EFBC}") = "JoiS3Inheritance", "JoiS3Inheritance\JoiS3Inheritance.csproj", "{7B8C99F7-0C2C-4DB6-8573-B206F6D61D3C}"
EndProject
Global
	GlobalSection(SolutionConfigurationPlatforms) = preSolution
		Debug|Any CPU = Debug|Any CPU
		Release|Any CPU = Release|Any CPU
	EndGlobalSection
	GlobalSection(ProjectConfigurationPlatforms) = postSolution
		{7B8C99F7-0C2C-4DB6-8573-B206F6D61D3C}.Debug|Any CPU.ActiveCfg = Debug|Any CPU
		{7B8C99F7-0C2C-4DB6-8573-B206F6D61D3C}.Debug|Any CPU.Build.0 = Debug|Any CPU
		{7B8C99F7-0C2C-4DB6-8573-B206F6D61D3C}.Release|Any CPU.ActiveCfg = Release|Any CPU
		{7B8C99F7-0C2C-4DB6-8573-B206F6D61D3C}.Release|Any CPU.Build.0 = Release|Any CPU
	EndGlobalSection
	GlobalSection(SolutionProperties) = preSolution
		HideSolutionNode = FALSE
	EndGlobalSection
	GlobalSection(ExtensibilityGlobals) = postSolution
		SolutionGuid = {7E5823C9-0B1B-4926-9359-D0E5DB73E2D3}
	EndGlobalSection
EndGlobal
