
Microsoft Visual Studio Solution File, Format Version 12.00
# Visual Studio Version 17
VisualStudioVersion = 17.9.34607.119
MinimumVisualStudioVersion = 10.0.40219.1
Project("{FAE04EC0-301F-11D3-BF4B-00C04F79EFBC}") = "JoiS1CSharpIntro", "JoiS1CSharpIntro\JoiS1CSharpIntro.csproj", "{1B73BA88-164D-47C3-9F3E-2CD99001E52C}"
EndProject
Global
	GlobalSection(SolutionConfigurationPlatforms) = preSolution
		Debug|Any CPU = Debug|Any CPU
		Release|Any CPU = Release|Any CPU
	EndGlobalSection
	GlobalSection(ProjectConfigurationPlatforms) = postSolution
		{1B73BA88-164D-47C3-9F3E-2CD99001E52C}.Debug|Any CPU.ActiveCfg = Debug|Any CPU
		{1B73BA88-164D-47C3-9F3E-2CD99001E52C}.Debug|Any CPU.Build.0 = Debug|Any CPU
		{1B73BA88-164D-47C3-9F3E-2CD99001E52C}.Release|Any CPU.ActiveCfg = Release|Any CPU
		{1B73BA88-164D-47C3-9F3E-2CD99001E52C}.Release|Any CPU.Build.0 = Release|Any CPU
	EndGlobalSection
	GlobalSection(SolutionProperties) = preSolution
		HideSolutionNode = FALSE
	EndGlobalSection
	GlobalSection(ExtensibilityGlobals) = postSolution
		SolutionGuid = {6085169E-F394-4D7E-9C03-9493490EB460}
	EndGlobalSection
EndGlobal
