
Microsoft Visual Studio Solution File, Format Version 12.00
# Visual Studio Version 17
VisualStudioVersion = 17.9.34607.119
MinimumVisualStudioVersion = 10.0.40219.1
Project("{FAE04EC0-301F-11D3-BF4B-00C04F79EFBC}") = "JoiS2ClassesCollections", "JoiS2ClassesCollections\JoiS2ClassesCollections.csproj", "{B15C508C-5372-448C-A84A-5FBE3D368336}"
EndProject
Global
	GlobalSection(SolutionConfigurationPlatforms) = preSolution
		Debug|Any CPU = Debug|Any CPU
		Release|Any CPU = Release|Any CPU
	EndGlobalSection
	GlobalSection(ProjectConfigurationPlatforms) = postSolution
		{B15C508C-5372-448C-A84A-5FBE3D368336}.Debug|Any CPU.ActiveCfg = Debug|Any CPU
		{B15C508C-5372-448C-A84A-5FBE3D368336}.Debug|Any CPU.Build.0 = Debug|Any CPU
		{B15C508C-5372-448C-A84A-5FBE3D368336}.Release|Any CPU.ActiveCfg = Release|Any CPU
		{B15C508C-5372-448C-A84A-5FBE3D368336}.Release|Any CPU.Build.0 = Release|Any CPU
	EndGlobalSection
	GlobalSection(SolutionProperties) = preSolution
		HideSolutionNode = FALSE
	EndGlobalSection
	GlobalSection(ExtensibilityGlobals) = postSolution
		SolutionGuid = {C8FA2150-1AAE-4823-A1DA-CEB0D6E26113}
	EndGlobalSection
EndGlobal
