
Microsoft Visual Studio Solution File, Format Version 12.00
# Visual Studio Version 17
VisualStudioVersion = 17.9.34607.119
MinimumVisualStudioVersion = 10.0.40219.1
Project("{FAE04EC0-301F-11D3-BF4B-00C04F79EFBC}") = "JoiS4WinFormsIntro", "JoiS4WinFormsIntro\JoiS4WinFormsIntro.csproj", "{A0171382-14E0-4D73-B947-93DF75F02D1E}"
EndProject
Global
	GlobalSection(SolutionConfigurationPlatforms) = preSolution
		Debug|Any CPU = Debug|Any CPU
		Release|Any CPU = Release|Any CPU
	EndGlobalSection
	GlobalSection(ProjectConfigurationPlatforms) = postSolution
		{A0171382-14E0-4D73-B947-93DF75F02D1E}.Debug|Any CPU.ActiveCfg = Debug|Any CPU
		{A0171382-14E0-4D73-B947-93DF75F02D1E}.Debug|Any CPU.Build.0 = Debug|Any CPU
		{A0171382-14E0-4D73-B947-93DF75F02D1E}.Release|Any CPU.ActiveCfg = Release|Any CPU
		{A0171382-14E0-4D73-B947-93DF75F02D1E}.Release|Any CPU.Build.0 = Release|Any CPU
	EndGlobalSection
	GlobalSection(SolutionProperties) = preSolution
		HideSolutionNode = FALSE
	EndGlobalSection
	GlobalSection(ExtensibilityGlobals) = postSolution
		SolutionGuid = {4B954EA3-234B-4734-8548-51D4C40EC437}
	EndGlobalSection
EndGlobal
